{
  "name": "monster-app",
  "version": "1.0.0",
  "lockfileVersion": 2,
  "requires": true,
  "packages": {
    "": {
      "name": "monster-app",
      "version": "1.0.0",
      "license": "MIT",
      "dependencies": {
        "@babel/runtime": "^7.18.3",
        "@monster-js/core": "^1.2.4",
        "@monster-js/http": "^1.2.0",
        "@monster-js/module": "^1.2.3",
        "reflect-metadata": "^0.1.13"
      },
      "devDependencies": {
        "typescript": "^4.6.4"
      }
    },
    "node_modules/@babel/runtime": {
      "version": "7.18.3",
      "resolved": "https://registry.npmjs.org/@babel/runtime/-/runtime-7.18.3.tgz",
      "integrity": "sha512-38Y8f7YUhce/K7RMwTp7m0uCumpv9hZkitCbBClqQIow1qSbCvGkcegKOXpEWCQLfWmevgRiWokZ1GkpfhbZug==",
      "dependencies": {
        "regenerator-runtime": "^0.13.4"
      },
      "engines": {
        "node": ">=6.9.0"
      }
    },
    "node_modules/@monster-js/core": {
      "version": "1.2.4",
      "resolved": "https://registry.npmjs.org/@monster-js/core/-/core-1.2.4.tgz",
      "integrity": "sha512-cqZ1QCPexFgA64vjxI3l85wni43nEJo3ZIbgqBpbjSlNOQDkiUXKgVFNU0ME1VvdQfOMEH24m2yL9fHoyyU4MA==",
      "dependencies": {
        "events": "^3.3.0"
      },
      "peerDependencies": {
        "@babel/runtime": "^7.18",
        "reflect-metadata": "^0.1"
      }
    },
    "node_modules/@monster-js/http": {
      "version": "1.2.0",
      "resolved": "https://registry.npmjs.org/@monster-js/http/-/http-1.2.0.tgz",
      "integrity": "sha512-UtHMG+tO9to3SzAR3FS68Hccz+9u7esA+wfa5+29QAtY+10ZmEDrr+oDfvSzq9ekKuohb/fIohw/w3V49EGFNQ==",
      "peerDependencies": {
        "@monster-js/core": "^1.2",
        "typescript": "^4"
      }
    },
    "node_modules/@monster-js/module": {
      "version": "1.2.3",
      "resolved": "https://registry.npmjs.org/@monster-js/module/-/module-1.2.3.tgz",
      "integrity": "sha512-GbDiRi7GpDzCmYHaPXqwsQkkXmQNT09tyClU58RCAEzRkdQlt1HKeGNN9KzB0Drat8nAoTNp8mdbv3RwYsKmqQ==",
      "peerDependencies": {
        "@babel/runtime": "^7.18",
        "@monster-js/core": "^1.2",
        "reflect-metadata": "^0.1",
        "typescript": "^4"
      }
    },
    "node_modules/events": {
      "version": "3.3.0",
      "resolved": "https://registry.npmjs.org/events/-/events-3.3.0.tgz",
      "integrity": "sha512-mQw+2fkQbALzQ7V0MY0IqdnXNOeTtP4r0lN9z7AAawCXgqea7bDii20AYrIBrFd/Hx0M2Ocz6S111CaFkUcb0Q==",
      "engines": {
        "node": ">=0.8.x"
      }
    },
    "node_modules/reflect-metadata": {
      "version": "0.1.13",
      "resolved": "https://registry.npmjs.org/reflect-metadata/-/reflect-metadata-0.1.13.tgz",
      "integrity": "sha512-Ts1Y/anZELhSsjMcU605fU9RE4Oi3p5ORujwbIKXfWa+0Zxs510Qrmrce5/Jowq3cHSZSJqBjypxmHarc+vEWg=="
    },
    "node_modules/regenerator-runtime": {
      "version": "0.13.9",
      "resolved": "https://registry.npmjs.org/regenerator-runtime/-/regenerator-runtime-0.13.9.tgz",
      "integrity": "sha512-p3VT+cOEgxFsRRA9X4lkI1E+k2/CtnKtU4gcxyaCUreilL/vqI6CdZ3wxVUx3UOUg+gnUOQQcRI7BmSI656MYA=="
    },
    "node_modules/typescript": {
      "version": "4.7.3",
      "resolved": "https://registry.npmjs.org/typescript/-/typescript-4.7.3.tgz",
      "integrity": "sha512-WOkT3XYvrpXx4vMMqlD+8R8R37fZkjyLGlxavMc4iB8lrl8L0DeTcHbYgw/v0N/z9wAFsgBhcsF0ruoySS22mA==",
      "bin": {
        "tsc": "bin/tsc",
        "tsserver": "bin/tsserver"
      },
      "engines": {
        "node": ">=4.2.0"
      }
    }
  },
  "dependencies": {
    "@babel/runtime": {
      "version": "7.18.3",
      "resolved": "https://registry.npmjs.org/@babel/runtime/-/runtime-7.18.3.tgz",
      "integrity": "sha512-38Y8f7YUhce/K7RMwTp7m0uCumpv9hZkitCbBClqQIow1qSbCvGkcegKOXpEWCQLfWmevgRiWokZ1GkpfhbZug==",
      "requires": {
        "regenerator-runtime": "^0.13.4"
      }
    },
    "@monster-js/core": {
      "version": "1.2.4",
      "resolved": "https://registry.npmjs.org/@monster-js/core/-/core-1.2.4.tgz",
      "integrity": "sha512-cqZ1QCPexFgA64vjxI3l85wni43nEJo3ZIbgqBpbjSlNOQDkiUXKgVFNU0ME1VvdQfOMEH24m2yL9fHoyyU4MA==",
      "requires": {
        "events": "^3.3.0"
      }
    },
    "@monster-js/http": {
      "version": "1.2.0",
      "resolved": "https://registry.npmjs.org/@monster-js/http/-/http-1.2.0.tgz",
      "integrity": "sha512-UtHMG+tO9to3SzAR3FS68Hccz+9u7esA+wfa5+29QAtY+10ZmEDrr+oDfvSzq9ekKuohb/fIohw/w3V49EGFNQ==",
      "requires": {}
    },
    "@monster-js/module": {
      "version": "1.2.3",
      "resolved": "https://registry.npmjs.org/@monster-js/module/-/module-1.2.3.tgz",
      "integrity": "sha512-GbDiRi7GpDzCmYHaPXqwsQkkXmQNT09tyClU58RCAEzRkdQlt1HKeGNN9KzB0Drat8nAoTNp8mdbv3RwYsKmqQ==",
      "requires": {}
    },
    "events": {
      "version": "3.3.0",
      "resolved": "https://registry.npmjs.org/events/-/events-3.3.0.tgz",
      "integrity": "sha512-mQw+2fkQbALzQ7V0MY0IqdnXNOeTtP4r0lN9z7AAawCXgqea7bDii20AYrIBrFd/Hx0M2Ocz6S111CaFkUcb0Q=="
    },
    "reflect-metadata": {
      "version": "0.1.13",
      "resolved": "https://registry.npmjs.org/reflect-metadata/-/reflect-metadata-0.1.13.tgz",
      "integrity": "sha512-Ts1Y/anZELhSsjMcU605fU9RE4Oi3p5ORujwbIKXfWa+0Zxs510Qrmrce5/Jowq3cHSZSJqBjypxmHarc+vEWg=="
    },
    "regenerator-runtime": {
      "version": "0.13.9",
      "resolved": "https://registry.npmjs.org/regenerator-runtime/-/regenerator-runtime-0.13.9.tgz",
      "integrity": "sha512-p3VT+cOEgxFsRRA9X4lkI1E+k2/CtnKtU4gcxyaCUreilL/vqI6CdZ3wxVUx3UOUg+gnUOQQcRI7BmSI656MYA=="
    },
    "typescript": {
      "version": "4.7.3",
      "resolved": "https://registry.npmjs.org/typescript/-/typescript-4.7.3.tgz",
      "integrity": "sha512-WOkT3XYvrpXx4vMMqlD+8R8R37fZkjyLGlxavMc4iB8lrl8L0DeTcHbYgw/v0N/z9wAFsgBhcsF0ruoySS22mA=="
    }
  }
}
